
Microsoft Visual Studio Solution File, Format Version 12.00
# Visual Studio Version 17
VisualStudioVersion = 17.5.33516.290
MinimumVisualStudioVersion = 10.0.40219.1
Project("{FAE04EC0-301F-11D3-BF4B-00C04F79EFBC}") = "FsCodeProjectApi", "FsCodeProjectApi\FsCodeProjectApi.csproj", "{CDCAE6A9-68DD-4F67-B80D-CD260E4279AA}"
EndProject
Project("{FAE04EC0-301F-11D3-BF4B-00C04F79EFBC}") = "Domain", "Domain\Domain.csproj", "{2AF3C089-7E97-43DC-A817-C07659828796}"
EndProject
Project("{FAE04EC0-301F-11D3-BF4B-00C04F79EFBC}") = "Infrastructure", "Infrastructure\Infrastructure.csproj", "{BE3D7131-49FB-4EED-8B6E-9DFEEFD068B5}"
EndProject
Project("{FAE04EC0-301F-11D3-BF4B-00C04F79EFBC}") = "Application", "Application\Application.csproj", "{0DACD256-5584-4674-A525-32DEB48D5098}"
EndProject
Project("{FAE04EC0-301F-11D3-BF4B-00C04F79EFBC}") = "FsCodeTest", "FsCodeTest\FsCodeTest.csproj", "{754644B2-90EE-450F-BAD3-A41E36F72E0A}"
EndProject
Global
	GlobalSection(SolutionConfigurationPlatforms) = preSolution
		Debug|Any CPU = Debug|Any CPU
		Release|Any CPU = Release|Any CPU
	EndGlobalSection
	GlobalSection(ProjectConfigurationPlatforms) = postSolution
		{CDCAE6A9-68DD-4F67-B80D-CD260E4279AA}.Debug|Any CPU.ActiveCfg = Debug|Any CPU
		{CDCAE6A9-68DD-4F67-B80D-CD260E4279AA}.Debug|Any CPU.Build.0 = Debug|Any CPU
		{CDCAE6A9-68DD-4F67-B80D-CD260E4279AA}.Release|Any CPU.ActiveCfg = Release|Any CPU
		{CDCAE6A9-68DD-4F67-B80D-CD260E4279AA}.Release|Any CPU.Build.0 = Release|Any CPU
		{2AF3C089-7E97-43DC-A817-C07659828796}.Debug|Any CPU.ActiveCfg = Debug|Any CPU
		{2AF3C089-7E97-43DC-A817-C07659828796}.Debug|Any CPU.Build.0 = Debug|Any CPU
		{2AF3C089-7E97-43DC-A817-C07659828796}.Release|Any CPU.ActiveCfg = Release|Any CPU
		{2AF3C089-7E97-43DC-A817-C07659828796}.Release|Any CPU.Build.0 = Release|Any CPU
		{BE3D7131-49FB-4EED-8B6E-9DFEEFD068B5}.Debug|Any CPU.ActiveCfg = Debug|Any CPU
		{BE3D7131-49FB-4EED-8B6E-9DFEEFD068B5}.Debug|Any CPU.Build.0 = Debug|Any CPU
		{BE3D7131-49FB-4EED-8B6E-9DFEEFD068B5}.Release|Any CPU.ActiveCfg = Release|Any CPU
		{BE3D7131-49FB-4EED-8B6E-9DFEEFD068B5}.Release|Any CPU.Build.0 = Release|Any CPU
		{0DACD256-5584-4674-A525-32DEB48D5098}.Debug|Any CPU.ActiveCfg = Debug|Any CPU
		{0DACD256-5584-4674-A525-32DEB48D5098}.Debug|Any CPU.Build.0 = Debug|Any CPU
		{0DACD256-5584-4674-A525-32DEB48D5098}.Release|Any CPU.ActiveCfg = Release|Any CPU
		{0DACD256-5584-4674-A525-32DEB48D5098}.Release|Any CPU.Build.0 = Release|Any CPU
		{754644B2-90EE-450F-BAD3-A41E36F72E0A}.Debug|Any CPU.ActiveCfg = Debug|Any CPU
		{754644B2-90EE-450F-BAD3-A41E36F72E0A}.Debug|Any CPU.Build.0 = Debug|Any CPU
		{754644B2-90EE-450F-BAD3-A41E36F72E0A}.Release|Any CPU.ActiveCfg = Release|Any CPU
		{754644B2-90EE-450F-BAD3-A41E36F72E0A}.Release|Any CPU.Build.0 = Release|Any CPU
	EndGlobalSection
	GlobalSection(SolutionProperties) = preSolution
		HideSolutionNode = FALSE
	EndGlobalSection
	GlobalSection(ExtensibilityGlobals) = postSolution
		SolutionGuid = {1EC5E2AE-6D63-4116-BF46-B3E0AEBA1160}
	EndGlobalSection
EndGlobal
